
Microsoft Visual Studio Solution File, Format Version 12.00
# Visual Studio 14
VisualStudioVersion = 14.0.25420.1
MinimumVisualStudioVersion = 10.0.40219.1
Project("{FAE04EC0-301F-11D3-BF4B-00C04F79EFBC}") = "Fort-Unity", "Fort-Unity.csproj", "{DFEEAF06-86A5-183C-CAD5-3F3F9BA646A3}"
EndProject
Project("{FAE04EC0-301F-11D3-BF4B-00C04F79EFBC}") = "Fort-Unity.Editor", "Fort-Unity.Editor.csproj", "{437B1128-8A16-57BF-9B55-30A97618398B}"
EndProject
Project("{FAE04EC0-301F-11D3-BF4B-00C04F79EFBC}") = "Fort-Game-Plugin", "Fort-Plugin\Fort-Game-Plugin\Fort-Game-Plugin.csproj", "{107F7095-20D6-4B1E-A9B3-42C8E49D1D0E}"
EndProject
Project("{FAE04EC0-301F-11D3-BF4B-00C04F79EFBC}") = "Fort-Editor-Plugin", "Fort-Plugin\Fort-Editor-Plugin\Fort-Editor-Plugin.csproj", "{D6BF9AA9-C03D-4010-9F62-94753C174FCE}"
EndProject
Project("{FAE04EC0-301F-11D3-BF4B-00C04F79EFBC}") = "FortBacktory-Game-Plugin", "Fort-Plugin\FortBacktory-Game-Plugin\FortBacktory-Game-Plugin.csproj", "{568A637A-873A-4D3F-B05F-AE3BE20E0B16}"
EndProject
Project("{FAE04EC0-301F-11D3-BF4B-00C04F79EFBC}") = "FortBacktory-Editor-Plugin", "Fort-Plugin\FortBacktory-Editor-Plugin\FortBacktory-Editor-Plugin.csproj", "{31BC8F0D-E7C5-4913-84D6-E5F3BE7ED679}"
EndProject
Project("{FAE04EC0-301F-11D3-BF4B-00C04F79EFBC}") = "FortBazaar-Game-Plugin", "Fort-Plugin\FortBazaar-Game-Plugin\FortBazaar-Game-Plugin.csproj", "{FBD07BE2-F068-4691-BC08-335345215B6D}"
EndProject
Global
	GlobalSection(SolutionConfigurationPlatforms) = preSolution
		Debug|Any CPU = Debug|Any CPU
		Release|Any CPU = Release|Any CPU
	EndGlobalSection
	GlobalSection(ProjectConfigurationPlatforms) = postSolution
		{DFEEAF06-86A5-183C-CAD5-3F3F9BA646A3}.Debug|Any CPU.ActiveCfg = Debug|Any CPU
		{DFEEAF06-86A5-183C-CAD5-3F3F9BA646A3}.Debug|Any CPU.Build.0 = Debug|Any CPU
		{DFEEAF06-86A5-183C-CAD5-3F3F9BA646A3}.Release|Any CPU.ActiveCfg = Release|Any CPU
		{DFEEAF06-86A5-183C-CAD5-3F3F9BA646A3}.Release|Any CPU.Build.0 = Release|Any CPU
		{437B1128-8A16-57BF-9B55-30A97618398B}.Debug|Any CPU.ActiveCfg = Debug|Any CPU
		{437B1128-8A16-57BF-9B55-30A97618398B}.Debug|Any CPU.Build.0 = Debug|Any CPU
		{437B1128-8A16-57BF-9B55-30A97618398B}.Release|Any CPU.ActiveCfg = Release|Any CPU
		{437B1128-8A16-57BF-9B55-30A97618398B}.Release|Any CPU.Build.0 = Release|Any CPU
		{107F7095-20D6-4B1E-A9B3-42C8E49D1D0E}.Debug|Any CPU.ActiveCfg = Debug|Any CPU
		{107F7095-20D6-4B1E-A9B3-42C8E49D1D0E}.Debug|Any CPU.Build.0 = Debug|Any CPU
		{107F7095-20D6-4B1E-A9B3-42C8E49D1D0E}.Release|Any CPU.ActiveCfg = Release|Any CPU
		{107F7095-20D6-4B1E-A9B3-42C8E49D1D0E}.Release|Any CPU.Build.0 = Release|Any CPU
		{D6BF9AA9-C03D-4010-9F62-94753C174FCE}.Debug|Any CPU.ActiveCfg = Debug|Any CPU
		{D6BF9AA9-C03D-4010-9F62-94753C174FCE}.Debug|Any CPU.Build.0 = Debug|Any CPU
		{D6BF9AA9-C03D-4010-9F62-94753C174FCE}.Release|Any CPU.ActiveCfg = Release|Any CPU
		{D6BF9AA9-C03D-4010-9F62-94753C174FCE}.Release|Any CPU.Build.0 = Release|Any CPU
		{568A637A-873A-4D3F-B05F-AE3BE20E0B16}.Debug|Any CPU.ActiveCfg = Debug|Any CPU
		{568A637A-873A-4D3F-B05F-AE3BE20E0B16}.Debug|Any CPU.Build.0 = Debug|Any CPU
		{568A637A-873A-4D3F-B05F-AE3BE20E0B16}.Release|Any CPU.ActiveCfg = Release|Any CPU
		{568A637A-873A-4D3F-B05F-AE3BE20E0B16}.Release|Any CPU.Build.0 = Release|Any CPU
		{31BC8F0D-E7C5-4913-84D6-E5F3BE7ED679}.Debug|Any CPU.ActiveCfg = Debug|Any CPU
		{31BC8F0D-E7C5-4913-84D6-E5F3BE7ED679}.Debug|Any CPU.Build.0 = Debug|Any CPU
		{31BC8F0D-E7C5-4913-84D6-E5F3BE7ED679}.Release|Any CPU.ActiveCfg = Release|Any CPU
		{31BC8F0D-E7C5-4913-84D6-E5F3BE7ED679}.Release|Any CPU.Build.0 = Release|Any CPU
		{FBD07BE2-F068-4691-BC08-335345215B6D}.Debug|Any CPU.ActiveCfg = Debug|Any CPU
		{FBD07BE2-F068-4691-BC08-335345215B6D}.Debug|Any CPU.Build.0 = Debug|Any CPU
		{FBD07BE2-F068-4691-BC08-335345215B6D}.Release|Any CPU.ActiveCfg = Release|Any CPU
		{FBD07BE2-F068-4691-BC08-335345215B6D}.Release|Any CPU.Build.0 = Release|Any CPU
	EndGlobalSection
	GlobalSection(SolutionProperties) = preSolution
		HideSolutionNode = FALSE
	EndGlobalSection
EndGlobal
